Microsoft Visual Studio Solution File, Format Version 12.00
# Visual Studio Version 17
VisualStudioVersion = 17.5.2.0
MinimumVisualStudioVersion = 10.0.40219.1
Project("{2150E333-8FDC-42A3-9474-1A3956D46DE8}") = "Sample_Strategies", "Sample_Strategies", "{9672E826-D376-3FB7-67EC-497F6372BFBE}"
EndProject
Project("{2150E333-8FDC-42A3-9474-1A3956D46DE8}") = "C#_Algorithms", "C#_Algorithms", "{B7E8CEF9-0CCA-9199-40D6-BA1137052A86}"
EndProject
Project("{FAE04EC0-301F-11D3-BF4B-00C04F79EFBC}") = "DiversifiedLeverage", "Sample_Strategies\C#_Algorithms\DiversifiedLeverage\DiversifiedLeverage.csproj", "{38117DD8-BCF9-A32A-58D8-62724B2DDDE3}"
EndProject
Global
	GlobalSection(SolutionConfigurationPlatforms) = preSolution
		Debug|Any CPU = Debug|Any CPU
		Release|Any CPU = Release|Any CPU
	EndGlobalSection
	GlobalSection(ProjectConfigurationPlatforms) = postSolution
		{38117DD8-BCF9-A32A-58D8-62724B2DDDE3}.Debug|Any CPU.ActiveCfg = Debug|Any CPU
		{38117DD8-BCF9-A32A-58D8-62724B2DDDE3}.Debug|Any CPU.Build.0 = Debug|Any CPU
		{38117DD8-BCF9-A32A-58D8-62724B2DDDE3}.Release|Any CPU.ActiveCfg = Release|Any CPU
		{38117DD8-BCF9-A32A-58D8-62724B2DDDE3}.Release|Any CPU.Build.0 = Release|Any CPU
	EndGlobalSection
	GlobalSection(SolutionProperties) = preSolution
		HideSolutionNode = FALSE
	EndGlobalSection
	GlobalSection(NestedProjects) = preSolution
		{B7E8CEF9-0CCA-9199-40D6-BA1137052A86} = {9672E826-D376-3FB7-67EC-497F6372BFBE}
		{38117DD8-BCF9-A32A-58D8-62724B2DDDE3} = {B7E8CEF9-0CCA-9199-40D6-BA1137052A86}
	EndGlobalSection
	GlobalSection(ExtensibilityGlobals) = postSolution
		SolutionGuid = {486C00DD-2388-4DB0-8631-00A7A3FC6168}
	EndGlobalSection
EndGlobal
